
Microsoft Visual Studio Solution File, Format Version 12.00
# Visual Studio Version 17
VisualStudioVersion = 17.0.31903.59
MinimumVisualStudioVersion = 10.0.40219.1
Project("{FAE04EC0-301F-11D3-BF4B-00C04F79EFBC}") = "HangMan", "Hangman\HangMan.csproj", "{322D0EEC-FD58-430C-8309-DA3911B1C75A}"
EndProject
Project("{FAE04EC0-301F-11D3-BF4B-00C04F79EFBC}") = "Hangman.Tests", "Hangman.Tests\Hangman.Tests.csproj", "{ACCBFB99-BC74-4B61-A059-1CE557292D5B}"
EndProject
Global
	GlobalSection(SolutionConfigurationPlatforms) = preSolution
		Debug|Any CPU = Debug|Any CPU
		Release|Any CPU = Release|Any CPU
	EndGlobalSection
	GlobalSection(SolutionProperties) = preSolution
		HideSolutionNode = FALSE
	EndGlobalSection
	GlobalSection(ProjectConfigurationPlatforms) = postSolution
		{322D0EEC-FD58-430C-8309-DA3911B1C75A}.Debug|Any CPU.ActiveCfg = Debug|Any CPU
		{322D0EEC-FD58-430C-8309-DA3911B1C75A}.Debug|Any CPU.Build.0 = Debug|Any CPU
		{322D0EEC-FD58-430C-8309-DA3911B1C75A}.Release|Any CPU.ActiveCfg = Release|Any CPU
		{322D0EEC-FD58-430C-8309-DA3911B1C75A}.Release|Any CPU.Build.0 = Release|Any CPU
		{ACCBFB99-BC74-4B61-A059-1CE557292D5B}.Debug|Any CPU.ActiveCfg = Debug|Any CPU
		{ACCBFB99-BC74-4B61-A059-1CE557292D5B}.Debug|Any CPU.Build.0 = Debug|Any CPU
		{ACCBFB99-BC74-4B61-A059-1CE557292D5B}.Release|Any CPU.ActiveCfg = Release|Any CPU
		{ACCBFB99-BC74-4B61-A059-1CE557292D5B}.Release|Any CPU.Build.0 = Release|Any CPU
	EndGlobalSection
EndGlobal
